
Microsoft Visual Studio Solution File, Format Version 12.00
# Visual Studio 15
VisualStudioVersion = 15.0.26124.0
MinimumVisualStudioVersion = 15.0.26124.0
Project("{FAE04EC0-301F-11D3-BF4B-00C04F79EFBC}") = "Util", "Util\Util.csproj", "{8F982308-2454-48D4-B21E-88BDD576FCE7}"
EndProject
Project("{FAE04EC0-301F-11D3-BF4B-00C04F79EFBC}") = "App", "App\App.csproj", "{D55F367E-F9A9-4594-B17D-9A5C235F8EAD}"
EndProject
Global
	GlobalSection(SolutionConfigurationPlatforms) = preSolution
		Debug|Any CPU = Debug|Any CPU
		Debug|x64 = Debug|x64
		Debug|x86 = Debug|x86
		Release|Any CPU = Release|Any CPU
		Release|x64 = Release|x64
		Release|x86 = Release|x86
	EndGlobalSection
	GlobalSection(SolutionProperties) = preSolution
		HideSolutionNode = FALSE
	EndGlobalSection
	GlobalSection(ProjectConfigurationPlatforms) = postSolution
		{8F982308-2454-48D4-B21E-88BDD576FCE7}.Debug|Any CPU.ActiveCfg = Debug|Any CPU
		{8F982308-2454-48D4-B21E-88BDD576FCE7}.Debug|Any CPU.Build.0 = Debug|Any CPU
		{8F982308-2454-48D4-B21E-88BDD576FCE7}.Debug|x64.ActiveCfg = Debug|Any CPU
		{8F982308-2454-48D4-B21E-88BDD576FCE7}.Debug|x64.Build.0 = Debug|Any CPU
		{8F982308-2454-48D4-B21E-88BDD576FCE7}.Debug|x86.ActiveCfg = Debug|Any CPU
		{8F982308-2454-48D4-B21E-88BDD576FCE7}.Debug|x86.Build.0 = Debug|Any CPU
		{8F982308-2454-48D4-B21E-88BDD576FCE7}.Release|Any CPU.ActiveCfg = Release|Any CPU
		{8F982308-2454-48D4-B21E-88BDD576FCE7}.Release|Any CPU.Build.0 = Release|Any CPU
		{8F982308-2454-48D4-B21E-88BDD576FCE7}.Release|x64.ActiveCfg = Release|Any CPU
		{8F982308-2454-48D4-B21E-88BDD576FCE7}.Release|x64.Build.0 = Release|Any CPU
		{8F982308-2454-48D4-B21E-88BDD576FCE7}.Release|x86.ActiveCfg = Release|Any CPU
		{8F982308-2454-48D4-B21E-88BDD576FCE7}.Release|x86.Build.0 = Release|Any CPU
		{D55F367E-F9A9-4594-B17D-9A5C235F8EAD}.Debug|Any CPU.ActiveCfg = Debug|Any CPU
		{D55F367E-F9A9-4594-B17D-9A5C235F8EAD}.Debug|Any CPU.Build.0 = Debug|Any CPU
		{D55F367E-F9A9-4594-B17D-9A5C235F8EAD}.Debug|x64.ActiveCfg = Debug|Any CPU
		{D55F367E-F9A9-4594-B17D-9A5C235F8EAD}.Debug|x64.Build.0 = Debug|Any CPU
		{D55F367E-F9A9-4594-B17D-9A5C235F8EAD}.Debug|x86.ActiveCfg = Debug|Any CPU
		{D55F367E-F9A9-4594-B17D-9A5C235F8EAD}.Debug|x86.Build.0 = Debug|Any CPU
		{D55F367E-F9A9-4594-B17D-9A5C235F8EAD}.Release|Any CPU.ActiveCfg = Release|Any CPU
		{D55F367E-F9A9-4594-B17D-9A5C235F8EAD}.Release|Any CPU.Build.0 = Release|Any CPU
		{D55F367E-F9A9-4594-B17D-9A5C235F8EAD}.Release|x64.ActiveCfg = Release|Any CPU
		{D55F367E-F9A9-4594-B17D-9A5C235F8EAD}.Release|x64.Build.0 = Release|Any CPU
		{D55F367E-F9A9-4594-B17D-9A5C235F8EAD}.Release|x86.ActiveCfg = Release|Any CPU
		{D55F367E-F9A9-4594-B17D-9A5C235F8EAD}.Release|x86.Build.0 = Release|Any CPU
	EndGlobalSection
EndGlobal
